
Microsoft Visual Studio Solution File, Format Version 12.00
# Visual Studio Version 16
VisualStudioVersion = 16.0.31019.35
MinimumVisualStudioVersion = 10.0.40219.1
Project("{FAE04EC0-301F-11D3-BF4B-00C04F79EFBC}") = "HolaMundo", "HolaMundo\HolaMundo.csproj", "{631980C8-5A52-440E-8910-EC686826B39B}"
EndProject
Global
	GlobalSection(SolutionConfigurationPlatforms) = preSolution
		Debug|Any CPU = Debug|Any CPU
		Release|Any CPU = Release|Any CPU
	EndGlobalSection
	GlobalSection(ProjectConfigurationPlatforms) = postSolution
		{631980C8-5A52-440E-8910-EC686826B39B}.Debug|Any CPU.ActiveCfg = Debug|Any CPU
		{631980C8-5A52-440E-8910-EC686826B39B}.Debug|Any CPU.Build.0 = Debug|Any CPU
		{631980C8-5A52-440E-8910-EC686826B39B}.Release|Any CPU.ActiveCfg = Release|Any CPU
		{631980C8-5A52-440E-8910-EC686826B39B}.Release|Any CPU.Build.0 = Release|Any CPU
	EndGlobalSection
	GlobalSection(SolutionProperties) = preSolution
		HideSolutionNode = FALSE
	EndGlobalSection
	GlobalSection(ExtensibilityGlobals) = postSolution
		SolutionGuid = {26EEFB3D-3070-440C-B15C-3C897EDA06FB}
	EndGlobalSection
EndGlobal
